
Microsoft Visual Studio Solution File, Format Version 12.00
# Visual Studio Version 17
VisualStudioVersion = 17.2.32516.85
MinimumVisualStudioVersion = 10.0.40219.1
Project("{FAE04EC0-301F-11D3-BF4B-00C04F79EFBC}") = "QuotesApi", "QuotesApi\QuotesApi.csproj", "{8A929080-6489-48D8-802F-D712FD5198D1}"
EndProject
Global
	GlobalSection(SolutionConfigurationPlatforms) = preSolution
		Debug|Any CPU = Debug|Any CPU
		Release|Any CPU = Release|Any CPU
	EndGlobalSection
	GlobalSection(ProjectConfigurationPlatforms) = postSolution
		{8A929080-6489-48D8-802F-D712FD5198D1}.Debug|Any CPU.ActiveCfg = Debug|Any CPU
		{8A929080-6489-48D8-802F-D712FD5198D1}.Debug|Any CPU.Build.0 = Debug|Any CPU
		{8A929080-6489-48D8-802F-D712FD5198D1}.Release|Any CPU.ActiveCfg = Release|Any CPU
		{8A929080-6489-48D8-802F-D712FD5198D1}.Release|Any CPU.Build.0 = Release|Any CPU
	EndGlobalSection
	GlobalSection(SolutionProperties) = preSolution
		HideSolutionNode = FALSE
	EndGlobalSection
	GlobalSection(ExtensibilityGlobals) = postSolution
		SolutionGuid = {5358871E-48B3-435D-ACDB-144EA60A3FED}
	EndGlobalSection
EndGlobal
